// !$*UTF8*$!
{
	archiveVersion = 1;
	classes = {
	};
	objectVersion = 46;
	objects = {

/* Begin PBXBuildFile section */
		1CF558E7188905DA00477216 /* UIKit.framework in Frameworks */ = {isa = PBXBuildFile; fileRef = 1CF558E6188905DA00477216 /* UIKit.framework */; };
		1CF558E9188905DA00477216 /* Foundation.framework in Frameworks */ = {isa = PBXBuildFile; fileRef = 1CF558E8188905DA00477216 /* Foundation.framework */; };
		1CF558EB188905DA00477216 /* CoreGraphics.framework in Frameworks */ = {isa = PBXBuildFile; fileRef = 1CF558EA188905DA00477216 /* CoreGraphics.framework */; };
		1CF558F1188905DA00477216 /* InfoPlist.strings in Resources */ = {isa = PBXBuildFile; fileRef = 1CF558EF188905DA00477216 /* InfoPlist.strings */; };
		1CF558F3188905DA00477216 /* main.m in Sources */ = {isa = PBXBuildFile; fileRef = 1CF558F2188905DA00477216 /* main.m */; };
		1CF558F7188905DA00477216 /* AppDelegate.m in Sources */ = {isa = PBXBuildFile; fileRef = 1CF558F6188905DA00477216 /* AppDelegate.m */; };
		1CF558F9188905DA00477216 /* Default.png in Resources */ = {isa = PBXBuildFile; fileRef = 1CF558F8188905DA00477216 /* Default.png */; };
		1CF558FB188905DA00477216 /* Default@2x.png in Resources */ = {isa = PBXBuildFile; fileRef = 1CF558FA188905DA00477216 /* Default@2x.png */; };
		1CF558FD188905DA00477216 /* Default-568h@2x.png in Resources */ = {isa = PBXBuildFile; fileRef = 1CF558FC188905DA00477216 /* Default-568h@2x.png */; };
		1CF55905188905DB00477216 /* SenTestingKit.framework in Frameworks */ = {isa = PBXBuildFile; fileRef = 1CF55904188905DB00477216 /* SenTestingKit.framework */; };
		1CF55906188905DB00477216 /* UIKit.framework in Frameworks */ = {isa = PBXBuildFile; fileRef = 1CF558E6188905DA00477216 /* UIKit.framework */; };
		1CF55907188905DB00477216 /* Foundation.framework in Frameworks */ = {isa = PBXBuildFile; fileRef = 1CF558E8188905DA00477216 /* Foundation.framework */; };
		1CF5590F188905DB00477216 /* InfoPlist.strings in Resources */ = {isa = PBXBuildFile; fileRef = 1CF5590D188905DB00477216 /* InfoPlist.strings */; };
		1CF55912188905DB00477216 /* TemperatureConverterTests.m in Sources */ = {isa = PBXBuildFile; fileRef = 1CF55911188905DB00477216 /* TemperatureConverterTests.m */; };
/* End PBXBuildFile section */

/* Begin PBXContainerItemProxy section */
		1CF55908188905DB00477216 /* PBXContainerItemProxy */ = {
			isa = PBXContainerItemProxy;
			containerPortal = 1CF558DB188905DA00477216 /* Project object */;
			proxyType = 1;
			remoteGlobalIDString = 1CF558E2188905DA00477216;
			remoteInfo = TemperatureConverter;
		};
/* End PBXContainerItemProxy section */

/* Begin PBXFileReference section */
		1CF558E3188905DA00477216 /* TemperatureConverter.app */ = {isa = PBXFileReference; explicitFileType = wrapper.application; includeInIndex = 0; path = TemperatureConverter.app; sourceTree = BUILT_PRODUCTS_DIR; };
		1CF558E6188905DA00477216 /* UIKit.framework */ = {isa = PBXFileReference; lastKnownFileType = wrapper.framework; name = UIKit.framework; path = System/Library/Frameworks/UIKit.framework; sourceTree = SDKROOT; };
		1CF558E8188905DA00477216 /* Foundation.framework */ = {isa = PBXFileReference; lastKnownFileType = wrapper.framework; name = Foundation.framework; path = System/Library/Frameworks/Foundation.framework; sourceTree = SDKROOT; };
		1CF558EA188905DA00477216 /* CoreGraphics.framework */ = {isa = PBXFileReference; lastKnownFileType = wrapper.framework; name = CoreGraphics.framework; path = System/Library/Frameworks/CoreGraphics.framework; sourceTree = SDKROOT; };
		1CF558EE188905DA00477216 /* TemperatureConverter-Info.plist */ = {isa = PBXFileReference; lastKnownFileType = text.plist.xml; path = "TemperatureConverter-Info.plist"; sourceTree = "<group>"; };
		1CF558F0188905DA00477216 /* en */ = {isa = PBXFileReference; lastKnownFileType = text.plist.strings; name = en; path = en.lproj/InfoPlist.strings; sourceTree = "<group>"; };
		1CF558F2188905DA00477216 /* main.m */ = {isa = PBXFileReference; lastKnownFileType = sourcecode.c.objc; path = main.m; sourceTree = "<group>"; };
		1CF558F4188905DA00477216 /* TemperatureConverter-Prefix.pch */ = {isa = PBXFileReference; lastKnownFileType = sourcecode.c.h; path = "TemperatureConverter-Prefix.pch"; sourceTree = "<group>"; };
		1CF558F5188905DA00477216 /* AppDelegate.h */ = {isa = PBXFileReference; lastKnownFileType = sourcecode.c.h; path = AppDelegate.h; sourceTree = "<group>"; };
		1CF558F6188905DA00477216 /* AppDelegate.m */ = {isa = PBXFileReference; lastKnownFileType = sourcecode.c.objc; path = AppDelegate.m; sourceTree = "<group>"; };
		1CF558F8188905DA00477216 /* Default.png */ = {isa = PBXFileReference; lastKnownFileType = image.png; path = Default.png; sourceTree = "<group>"; };
		1CF558FA188905DA00477216 /* Default@2x.png */ = {isa = PBXFileReference; lastKnownFileType = image.png; path = "Default@2x.png"; sourceTree = "<group>"; };
		1CF558FC188905DA00477216 /* Default-568h@2x.png */ = {isa = PBXFileReference; lastKnownFileType = image.png; path = "Default-568h@2x.png"; sourceTree = "<group>"; };
		1CF55903188905DB00477216 /* TemperatureConverterTests.octest */ = {isa = PBXFileReference; explicitFileType = wrapper.cfbundle; includeInIndex = 0; path = TemperatureConverterTests.octest; sourceTree = BUILT_PRODUCTS_DIR; };
		1CF55904188905DB00477216 /* SenTestingKit.framework */ = {isa = PBXFileReference; lastKnownFileType = wrapper.framework; name = SenTestingKit.framework; path = Library/Frameworks/SenTestingKit.framework; sourceTree = DEVELOPER_DIR; };
		1CF5590C188905DB00477216 /* TemperatureConverterTests-Info.plist */ = {isa = PBXFileReference; lastKnownFileType = text.plist.xml; path = "TemperatureConverterTests-Info.plist"; sourceTree = "<group>"; };
		1CF5590E188905DB00477216 /* en */ = {isa = PBXFileReference; lastKnownFileType = text.plist.strings; name = en; path = en.lproj/InfoPlist.strings; sourceTree = "<group>"; };
		1CF55910188905DB00477216 /* TemperatureConverterTests.h */ = {isa = PBXFileReference; lastKnownFileType = sourcecode.c.h; path = TemperatureConverterTests.h; sourceTree = "<group>"; };
		1CF55911188905DB00477216 /* TemperatureConverterTests.m */ = {isa = PBXFileReference; lastKnownFileType = sourcecode.c.objc; path = TemperatureConverterTests.m; sourceTree = "<group>"; };
/* End PBXFileReference section */

/* Begin PBXFrameworksBuildPhase section */
		1CF558E0188905DA00477216 /* Frameworks */ = {
			isa = PBXFrameworksBuildPhase;
			buildActionMask = 2147483647;
			files = (
				1CF558E7188905DA00477216 /* UIKit.framework in Frameworks */,
				1CF558E9188905DA00477216 /* Foundation.framework in Frameworks */,
				1CF558EB188905DA00477216 /* CoreGraphics.framework in Frameworks */,
			);
			runOnlyForDeploymentPostprocessing = 0;
		};
		1CF558FF188905DB00477216 /* Frameworks */ = {
			isa = PBXFrameworksBuildPhase;
			buildActionMask = 2147483647;
			files = (
				1CF55905188905DB00477216 /* SenTestingKit.framework in Frameworks */,
				1CF55906188905DB00477216 /* UIKit.framework in Frameworks */,
				1CF55907188905DB00477216 /* Foundation.framework in Frameworks */,
			);
			runOnlyForDeploymentPostprocessing = 0;
		};
/* End PBXFrameworksBuildPhase section */

/* Begin PBXGroup section */
		1CF558DA188905DA00477216 = {
			isa = PBXGroup;
			children = (
				1CF558EC188905DA00477216 /* TemperatureConverter */,
				1CF5590A188905DB00477216 /* TemperatureConverterTests */,
				1CF558E5188905DA00477216 /* Frameworks */,
				1CF558E4188905DA00477216 /* Products */,
			);
			sourceTree = "<group>";
		};
		1CF558E4188905DA00477216 /* Products */ = {
			isa = PBXGroup;
			children = (
				1CF558E3188905DA00477216 /* TemperatureConverter.app */,
				1CF55903188905DB00477216 /* TemperatureConverterTests.octest */,
			);
			name = Products;
			sourceTree = "<group>";
		};
		1CF558E5188905DA00477216 /* Frameworks */ = {
			isa = PBXGroup;
			children = (
				1CF558E6188905DA00477216 /* UIKit.framework */,
				1CF558E8188905DA00477216 /* Foundation.framework */,
				1CF558EA188905DA00477216 /* CoreGraphics.framework */,
				1CF55904188905DB00477216 /* SenTestingKit.framework */,
			);
			name = Frameworks;
			sourceTree = "<group>";
		};
		1CF558EC188905DA00477216 /* TemperatureConverter */ = {
			isa = PBXGroup;
			children = (
				1CF558F5188905DA00477216 /* AppDelegate.h */,
				1CF558F6188905DA00477216 /* AppDelegate.m */,
				1CF558ED188905DA00477216 /* Supporting Files */,
			);
			path = TemperatureConverter;
			sourceTree = "<group>";
		};
		1CF558ED188905DA00477216 /* Supporting Files */ = {
			isa = PBXGroup;
			children = (
				1CF558EE188905DA00477216 /* TemperatureConverter-Info.plist */,
				1CF558EF188905DA00477216 /* InfoPlist.strings */,
				1CF558F2188905DA00477216 /* main.m */,
				1CF558F4188905DA00477216 /* TemperatureConverter-Prefix.pch */,
				1CF558F8188905DA00477216 /* Default.png */,
				1CF558FA188905DA00477216 /* Default@2x.png */,
				1CF558FC188905DA00477216 /* Default-568h@2x.png */,
			);
			name = "Supporting Files";
			sourceTree = "<group>";
		};
		1CF5590A188905DB00477216 /* TemperatureConverterTests */ = {
			isa = PBXGroup;
			children = (
				1CF55910188905DB00477216 /* TemperatureConverterTests.h */,
				1CF55911188905DB00477216 /* TemperatureConverterTests.m */,
				1CF5590B188905DB00477216 /* Supporting Files */,
			);
			path = TemperatureConverterTests;
			sourceTree = "<group>";
		};
		1CF5590B188905DB00477216 /* Supporting Files */ = {
			isa = PBXGroup;
			children = (
				1CF5590C188905DB00477216 /* TemperatureConverterTests-Info.plist */,
				1CF5590D188905DB00477216 /* InfoPlist.strings */,
			);
			name = "Supporting Files";
			sourceTree = "<group>";
		};
/* End PBXGroup section */

/* Begin PBXNativeTarget section */
		1CF558E2188905DA00477216 /* TemperatureConverter */ = {
			isa = PBXNativeTarget;
			buildConfigurationList = 1CF55915188905DB00477216 /* Build configuration list for PBXNativeTarget "TemperatureConverter" */;
			buildPhases = (
				1CF558DF188905DA00477216 /* Sources */,
				1CF558E0188905DA00477216 /* Frameworks */,
				1CF558E1188905DA00477216 /* Resources */,
			);
			buildRules = (
			);
			dependencies = (
			);
			name = TemperatureConverter;
			productName = TemperatureConverter;
			productReference = 1CF558E3188905DA00477216 /* TemperatureConverter.app */;
			productType = "com.apple.product-type.application";
		};
		1CF55902188905DB00477216 /* TemperatureConverterTests */ = {
			isa = PBXNativeTarget;
			buildConfigurationList = 1CF55918188905DB00477216 /* Build configuration list for PBXNativeTarget "TemperatureConverterTests" */;
			buildPhases = (
				1CF558FE188905DB00477216 /* Sources */,
				1CF558FF188905DB00477216 /* Frameworks */,
				1CF55900188905DB00477216 /* Resources */,
				1CF55901188905DB00477216 /* ShellScript */,
			);
			buildRules = (
			);
			dependencies = (
				1CF55909188905DB00477216 /* PBXTargetDependency */,
			);
			name = TemperatureConverterTests;
			productName = TemperatureConverterTests;
			productReference = 1CF55903188905DB00477216 /* TemperatureConverterTests.octest */;
			productType = "com.apple.product-type.bundle";
		};
/* End PBXNativeTarget section */

/* Begin PBXProject section */
		1CF558DB188905DA00477216 /* Project object */ = {
			isa = PBXProject;
			attributes = {
				LastUpgradeCheck = 0460;
				ORGANIZATIONNAME = Bhagyashree;
			};
			buildConfigurationList = 1CF558DE188905DA00477216 /* Build configuration list for PBXProject "TemperatureConverter" */;
			compatibilityVersion = "Xcode 3.2";
			developmentRegion = English;
			hasScannedForEncodings = 0;
			knownRegions = (
				en,
			);
			mainGroup = 1CF558DA188905DA00477216;
			productRefGroup = 1CF558E4188905DA00477216 /* Products */;
			projectDirPath = "";
			projectRoot = "";
			targets = (
				1CF558E2188905DA00477216 /* TemperatureConverter */,
				1CF55902188905DB00477216 /* TemperatureConverterTests */,
			);
		};
/* End PBXProject section */

/* Begin PBXResourcesBuildPhase section */
		1CF558E1188905DA00477216 /* Resources */ = {
			isa = PBXResourcesBuildPhase;
			buildActionMask = 2147483647;
			files = (
				1CF558F1188905DA00477216 /* InfoPlist.strings in Resources */,
				1CF558F9188905DA00477216 /* Default.png in Resources */,
				1CF558FB188905DA00477216 /* Default@2x.png in Resources */,
				1CF558FD188905DA00477216 /* Default-568h@2x.png in Resources */,
			);
			runOnlyForDeploymentPostprocessing = 0;
		};
		1CF55900188905DB00477216 /* Resources */ = {
			isa = PBXResourcesBuildPhase;
			buildActionMask = 2147483647;
			files = (
				1CF5590F188905DB00477216 /* InfoPlist.strings in Resources */,
			);
			runOnlyForDeploymentPostprocessing = 0;
		};
/* End PBXResourcesBuildPhase section */

/* Begin PBXShellScriptBuildPhase section */
		1CF55901188905DB00477216 /* ShellScript */ = {
			isa = PBXShellScriptBuildPhase;
			buildActionMask = 2147483647;
			files = (
			);
			inputPaths = (
			);
			outputPaths = (
			);
			runOnlyForDeploymentPostprocessing = 0;
			shellPath = /bin/sh;
			shellScript = "# Run the unit tests in this test bundle.\n\"${SYSTEM_DEVELOPER_DIR}/Tools/RunUnitTests\"\n";
		};
/* End PBXShellScriptBuildPhase section */

/* Begin PBXSourcesBuildPhase section */
		1CF558DF188905DA00477216 /* Sources */ = {
			isa = PBXSourcesBuildPhase;
			buildActionMask = 2147483647;
			files = (
				1CF558F3188905DA00477216 /* main.m in Sources */,
				1CF558F7188905DA00477216 /* AppDelegate.m in Sources */,
			);
			runOnlyForDeploymentPostprocessing = 0;
		};
		1CF558FE188905DB00477216 /* Sources */ = {
			isa = PBXSourcesBuildPhase;
			buildActionMask = 2147483647;
			files = (
				1CF55912188905DB00477216 /* TemperatureConverterTests.m in Sources */,
			);
			runOnlyForDeploymentPostprocessing = 0;
		};
/* End PBXSourcesBuildPhase section */

/* Begin PBXTargetDependency section */
		1CF55909188905DB00477216 /* PBXTargetDependency */ = {
			isa = PBXTargetDependency;
			target = 1CF558E2188905DA00477216 /* TemperatureConverter */;
			targetProxy = 1CF55908188905DB00477216 /* PBXContainerItemProxy */;
		};
/* End PBXTargetDependency section */

/* Begin PBXVariantGroup section */
		1CF558EF188905DA00477216 /* InfoPlist.strings */ = {
			isa = PBXVariantGroup;
			children = (
				1CF558F0188905DA00477216 /* en */,
			);
			name = InfoPlist.strings;
			sourceTree = "<group>";
		};
		1CF5590D188905DB00477216 /* InfoPlist.strings */ = {
			isa = PBXVariantGroup;
			children = (
				1CF5590E188905DB00477216 /* en */,
			);
			name = InfoPlist.strings;
			sourceTree = "<group>";
		};
/* End PBXVariantGroup section */

/* Begin XCBuildConfiguration section */
		1CF55913188905DB00477216 /* Debug */ = {
			isa = XCBuildConfiguration;
			buildSettings = {
				ALWAYS_SEARCH_USER_PATHS = NO;
				CLANG_CXX_LANGUAGE_STANDARD = "gnu++0x";
				CLANG_CXX_LIBRARY = "libc++";
				CLANG_ENABLE_OBJC_ARC = YES;
				CLANG_WARN_CONSTANT_CONVERSION = YES;
				CLANG_WARN_EMPTY_BODY = YES;
				CLANG_WARN_ENUM_CONVERSION = YES;
				CLANG_WARN_INT_CONVERSION = YES;
				CLANG_WARN__DUPLICATE_METHOD_MATCH = YES;
				"CODE_SIGN_IDENTITY[sdk=iphoneos*]" = "iPhone Developer";
				COPY_PHASE_STRIP = NO;
				GCC_C_LANGUAGE_STANDARD = gnu99;
				GCC_DYNAMIC_NO_PIC = NO;
				GCC_OPTIMIZATION_LEVEL = 0;
				GCC_PREPROCESSOR_DEFINITIONS = (
					"DEBUG=1",
					"$(inherited)",
				);
				GCC_SYMBOLS_PRIVATE_EXTERN = NO;
				GCC_WARN_ABOUT_RETURN_TYPE = YES;
				GCC_WARN_UNINITIALIZED_AUTOS = YES;
				GCC_WARN_UNUSED_VARIABLE = YES;
				IPHONEOS_DEPLOYMENT_TARGET = 6.1;
				ONLY_ACTIVE_ARCH = YES;
				SDKROOT = iphoneos;
			};
			name = Debug;
		};
		1CF55914188905DB00477216 /* Release */ = {
			isa = XCBuildConfiguration;
			buildSettings = {
				ALWAYS_SEARCH_USER_PATHS = NO;
				CLANG_CXX_LANGUAGE_STANDARD = "gnu++0x";
				CLANG_CXX_LIBRARY = "libc++";
				CLANG_ENABLE_OBJC_ARC = YES;
				CLANG_WARN_CONSTANT_CONVERSION = YES;
				CLANG_WARN_EMPTY_BODY = YES;
				CLANG_WARN_ENUM_CONVERSION = YES;
				CLANG_WARN_INT_CONVERSION = YES;
				CLANG_WARN__DUPLICATE_METHOD_MATCH = YES;
				"CODE_SIGN_IDENTITY[sdk=iphoneos*]" = "iPhone Developer";
				COPY_PHASE_STRIP = YES;
				GCC_C_LANGUAGE_STANDARD = gnu99;
				GCC_WARN_ABOUT_RETURN_TYPE = YES;
				GCC_WARN_UNINITIALIZED_AUTOS = YES;
				GCC_WARN_UNUSED_VARIABLE = YES;
				IPHONEOS_DEPLOYMENT_TARGET = 6.1;
				OTHER_CFLAGS = "-DNS_BLOCK_ASSERTIONS=1";
				SDKROOT = iphoneos;
				VALIDATE_PRODUCT = YES;
			};
			name = Release;
		};
		1CF55916188905DB00477216 /* Debug */ = {
			isa = XCBuildConfiguration;
			buildSettings = {
				GCC_PRECOMPILE_PREFIX_HEADER = YES;
				GCC_PREFIX_HEADER = "TemperatureConverter/TemperatureConverter-Prefix.pch";
				INFOPLIST_FILE = "TemperatureConverter/TemperatureConverter-Info.plist";
				PRODUCT_NAME = "$(TARGET_NAME)";
				WRAPPER_EXTENSION = app;
			};
			name = Debug;
		};
		1CF55917188905DB00477216 /* Release */ = {
			isa = XCBuildConfiguration;
			buildSettings = {
				GCC_PRECOMPILE_PREFIX_HEADER = YES;
				GCC_PREFIX_HEADER = "TemperatureConverter/TemperatureConverter-Prefix.pch";
				INFOPLIST_FILE = "TemperatureConverter/TemperatureConverter-Info.plist";
				PRODUCT_NAME = "$(TARGET_NAME)";
				WRAPPER_EXTENSION = app;
			};
			name = Release;
		};
		1CF55919188905DB00477216 /* Debug */ = {
			isa = XCBuildConfiguration;
			buildSettings = {
				BUNDLE_LOADER = "$(BUILT_PRODUCTS_DIR)/TemperatureConverter.app/TemperatureConverter";
				FRAMEWORK_SEARCH_PATHS = (
					"\"$(SDKROOT)/Developer/Library/Frameworks\"",
					"\"$(DEVELOPER_LIBRARY_DIR)/Frameworks\"",
				);
				GCC_PRECOMPILE_PREFIX_HEADER = YES;
				GCC_PREFIX_HEADER = "TemperatureConverter/TemperatureConverter-Prefix.pch";
				INFOPLIST_FILE = "TemperatureConverterTests/TemperatureConverterTests-Info.plist";
				PRODUCT_NAME = "$(TARGET_NAME)";
				TEST_HOST = "$(BUNDLE_LOADER)";
				WRAPPER_EXTENSION = octest;
			};
			name = Debug;
		};
		1CF5591A188905DB00477216 /* Release */ = {
			isa = XCBuildConfiguration;
			buildSettings = {
				BUNDLE_LOADER = "$(BUILT_PRODUCTS_DIR)/TemperatureConverter.app/TemperatureConverter";
				FRAMEWORK_SEARCH_PATHS = (
					"\"$(SDKROOT)/Developer/Library/Frameworks\"",
					"\"$(DEVELOPER_LIBRARY_DIR)/Frameworks\"",
				);
				GCC_PRECOMPILE_PREFIX_HEADER = YES;
				GCC_PREFIX_HEADER = "TemperatureConverter/TemperatureConverter-Prefix.pch";
				INFOPLIST_FILE = "TemperatureConverterTests/TemperatureConverterTests-Info.plist";
				PRODUCT_NAME = "$(TARGET_NAME)";
				TEST_HOST = "$(BUNDLE_LOADER)";
				WRAPPER_EXTENSION = octest;
			};
			name = Release;
		};
/* End XCBuildConfiguration section */

/* Begin XCConfigurationList section */
		1CF558DE188905DA00477216 /* Build configuration list for PBXProject "TemperatureConverter" */ = {
			isa = XCConfigurationList;
			buildConfigurations = (
				1CF55913188905DB00477216 /* Debug */,
				1CF55914188905DB00477216 /* Release */,
			);
			defaultConfigurationIsVisible = 0;
			defaultConfigurationName = Release;
		};
		1CF55915188905DB00477216 /* Build configuration list for PBXNativeTarget "TemperatureConverter" */ = {
			isa = XCConfigurationList;
			buildConfigurations = (
				1CF55916188905DB00477216 /* Debug */,
				1CF55917188905DB00477216 /* Release */,
			);
			defaultConfigurationIsVisible = 0;
		};
		1CF55918188905DB00477216 /* Build configuration list for PBXNativeTarget "TemperatureConverterTests" */ = {
			isa = XCConfigurationList;
			buildConfigurations = (
				1CF55919188905DB00477216 /* Debug */,
				1CF5591A188905DB00477216 /* Release */,
			);
			defaultConfigurationIsVisible = 0;
		};
/* End XCConfigurationList section */
	};
	rootObject = 1CF558DB188905DA00477216 /* Project object */;
}
